
Microsoft Visual Studio Solution File, Format Version 12.00
# Visual Studio Version 17
VisualStudioVersion = 17.7.34031.279
MinimumVisualStudioVersion = 10.0.40219.1
Project("{FAE04EC0-301F-11D3-BF4B-00C04F79EFBC}") = "E-ticaretMVC", "E-ticaretMVC.csproj", "{C68E8A31-F1B4-42D0-90FE-A2F5223527F7}"
EndProject
Global
	GlobalSection(SolutionConfigurationPlatforms) = preSolution
		Debug|Any CPU = Debug|Any CPU
		Release|Any CPU = Release|Any CPU
	EndGlobalSection
	GlobalSection(ProjectConfigurationPlatforms) = postSolution
		{C68E8A31-F1B4-42D0-90FE-A2F5223527F7}.Debug|Any CPU.ActiveCfg = Debug|Any CPU
		{C68E8A31-F1B4-42D0-90FE-A2F5223527F7}.Debug|Any CPU.Build.0 = Debug|Any CPU
		{C68E8A31-F1B4-42D0-90FE-A2F5223527F7}.Release|Any CPU.ActiveCfg = Release|Any CPU
		{C68E8A31-F1B4-42D0-90FE-A2F5223527F7}.Release|Any CPU.Build.0 = Release|Any CPU
	EndGlobalSection
	GlobalSection(SolutionProperties) = preSolution
		HideSolutionNode = FALSE
	EndGlobalSection
	GlobalSection(ExtensibilityGlobals) = postSolution
		SolutionGuid = {B9CF7250-54CF-41C3-8D75-BCB36577ED6C}
	EndGlobalSection
EndGlobal
